// !$*UTF8*$!
{
	archiveVersion = 1;
	classes = {
	};
	objectVersion = 56;
	objects = {

/* Begin PBXBuildFile section */
		082B87A329E5FAA500304F36 /* MessagingApp.swift in Sources */ = {isa = PBXBuildFile; fileRef = 082B87A229E5FAA500304F36 /* MessagingApp.swift */; };
		082B87A729E5FAA600304F36 /* Assets.xcassets in Resources */ = {isa = PBXBuildFile; fileRef = 082B87A629E5FAA600304F36 /* Assets.xcassets */; };
		082B87AA29E5FAA600304F36 /* Preview Assets.xcassets in Resources */ = {isa = PBXBuildFile; fileRef = 082B87A929E5FAA600304F36 /* Preview Assets.xcassets */; };
		082B87B129E5FAB800304F36 /* ConversationsListView.swift in Sources */ = {isa = PBXBuildFile; fileRef = 082B87B029E5FAB800304F36 /* ConversationsListView.swift */; };
		082B87B329E5FAC000304F36 /* ChatView.swift in Sources */ = {isa = PBXBuildFile; fileRef = 082B87B229E5FAC000304F36 /* ChatView.swift */; };
		082B87B529E5FAC900304F36 /* MessageInputView.swift in Sources */ = {isa = PBXBuildFile; fileRef = 082B87B429E5FAC900304F36 /* MessageInputView.swift */; };
		082B87BA29E5FB0200304F36 /* ConversationModel.swift in Sources */ = {isa = PBXBuildFile; fileRef = 082B87B929E5FB0200304F36 /* ConversationModel.swift */; };
		082B87BC29E5FB1600304F36 /* MessageModel.swift in Sources */ = {isa = PBXBuildFile; fileRef = 082B87BB29E5FB1600304F36 /* MessageModel.swift */; };
		08FAD21129EDC50500D092EE /* MessageView.swift in Sources */ = {isa = PBXBuildFile; fileRef = 08FAD21029EDC50500D092EE /* MessageView.swift */; };
		08FAD21329EDC91E00D092EE /* README.md in Resources */ = {isa = PBXBuildFile; fileRef = 08FAD21229EDC91E00D092EE /* README.md */; };
		08FAD21529EDC98300D092EE /* .gitignore in Resources */ = {isa = PBXBuildFile; fileRef = 08FAD21429EDC98300D092EE /* .gitignore */; };
		08FAD21929EDCA4000D092EE /* LICENSE.md in Resources */ = {isa = PBXBuildFile; fileRef = 08FAD21829EDCA4000D092EE /* LICENSE.md */; };
		08FAD21C29EDCC6400D092EE /* GoogleService-Info.plist in Resources */ = {isa = PBXBuildFile; fileRef = 08FAD21B29EDCC6400D092EE /* GoogleService-Info.plist */; };
		08FAD21F29EDCCDB00D092EE /* FirebaseAnalytics in Frameworks */ = {isa = PBXBuildFile; productRef = 08FAD21E29EDCCDB00D092EE /* FirebaseAnalytics */; };
		08FAD22129EDCCDB00D092EE /* FirebaseDatabase in Frameworks */ = {isa = PBXBuildFile; productRef = 08FAD22029EDCCDB00D092EE /* FirebaseDatabase */; };
		08FAD22329EDCCDB00D092EE /* FirebaseFirestore in Frameworks */ = {isa = PBXBuildFile; productRef = 08FAD22229EDCCDB00D092EE /* FirebaseFirestore */; };
/* End PBXBuildFile section */

/* Begin PBXFileReference section */
		082B879F29E5FAA500304F36 /* Messaging.app */ = {isa = PBXFileReference; explicitFileType = wrapper.application; includeInIndex = 0; path = Messaging.app; sourceTree = BUILT_PRODUCTS_DIR; };
		082B87A229E5FAA500304F36 /* MessagingApp.swift */ = {isa = PBXFileReference; lastKnownFileType = sourcecode.swift; path = MessagingApp.swift; sourceTree = "<group>"; };
		082B87A629E5FAA600304F36 /* Assets.xcassets */ = {isa = PBXFileReference; lastKnownFileType = folder.assetcatalog; path = Assets.xcassets; sourceTree = "<group>"; };
		082B87A929E5FAA600304F36 /* Preview Assets.xcassets */ = {isa = PBXFileReference; lastKnownFileType = folder.assetcatalog; path = "Preview Assets.xcassets"; sourceTree = "<group>"; };
		082B87B029E5FAB800304F36 /* ConversationsListView.swift */ = {isa = PBXFileReference; lastKnownFileType = sourcecode.swift; path = ConversationsListView.swift; sourceTree = "<group>"; };
		082B87B229E5FAC000304F36 /* ChatView.swift */ = {isa = PBXFileReference; lastKnownFileType = sourcecode.swift; path = ChatView.swift; sourceTree = "<group>"; };
		082B87B429E5FAC900304F36 /* MessageInputView.swift */ = {isa = PBXFileReference; lastKnownFileType = sourcecode.swift; path = MessageInputView.swift; sourceTree = "<group>"; };
		082B87B929E5FB0200304F36 /* ConversationModel.swift */ = {isa = PBXFileReference; lastKnownFileType = sourcecode.swift; path = ConversationModel.swift; sourceTree = "<group>"; };
		082B87BB29E5FB1600304F36 /* MessageModel.swift */ = {isa = PBXFileReference; lastKnownFileType = sourcecode.swift; path = MessageModel.swift; sourceTree = "<group>"; };
		08FAD21029EDC50500D092EE /* MessageView.swift */ = {isa = PBXFileReference; lastKnownFileType = sourcecode.swift; path = MessageView.swift; sourceTree = "<group>"; };
		08FAD21229EDC91E00D092EE /* README.md */ = {isa = PBXFileReference; fileEncoding = 4; lastKnownFileType = net.daringfireball.markdown; path = README.md; sourceTree = SOURCE_ROOT; };
		08FAD21429EDC98300D092EE /* .gitignore */ = {isa = PBXFileReference; fileEncoding = 4; lastKnownFileType = text; path = .gitignore; sourceTree = SOURCE_ROOT; };
		08FAD21829EDCA4000D092EE /* LICENSE.md */ = {isa = PBXFileReference; fileEncoding = 4; lastKnownFileType = net.daringfireball.markdown; path = LICENSE.md; sourceTree = SOURCE_ROOT; };
		08FAD21B29EDCC6400D092EE /* GoogleService-Info.plist */ = {isa = PBXFileReference; fileEncoding = 4; lastKnownFileType = text.plist.xml; path = "GoogleService-Info.plist"; sourceTree = "<group>"; };
/* End PBXFileReference section */

/* Begin PBXFrameworksBuildPhase section */
		082B879C29E5FAA500304F36 /* Frameworks */ = {
			isa = PBXFrameworksBuildPhase;
			buildActionMask = 2147483647;
			files = (
				08FAD22129EDCCDB00D092EE /* FirebaseDatabase in Frameworks */,
				08FAD21F29EDCCDB00D092EE /* FirebaseAnalytics in Frameworks */,
				08FAD22329EDCCDB00D092EE /* FirebaseFirestore in Frameworks */,
			);
			runOnlyForDeploymentPostprocessing = 0;
		};
/* End PBXFrameworksBuildPhase section */

/* Begin PBXGroup section */
		082B879629E5FAA500304F36 = {
			isa = PBXGroup;
			children = (
				082B87A129E5FAA500304F36 /* Messaging */,
				082B87A029E5FAA500304F36 /* Products */,
			);
			sourceTree = "<group>";
		};
		082B87A029E5FAA500304F36 /* Products */ = {
			isa = PBXGroup;
			children = (
				082B879F29E5FAA500304F36 /* Messaging.app */,
			);
			name = Products;
			sourceTree = "<group>";
		};
		082B87A129E5FAA500304F36 /* Messaging */ = {
			isa = PBXGroup;
			children = (
				082B87A229E5FAA500304F36 /* MessagingApp.swift */,
				08FAD21A29EDCAD000D092EE /* Views */,
				082B87B829E5FAF600304F36 /* Models */,
				082B87A629E5FAA600304F36 /* Assets.xcassets */,
				082B87A829E5FAA600304F36 /* Preview Content */,
				08FAD21429EDC98300D092EE /* .gitignore */,
				08FAD21229EDC91E00D092EE /* README.md */,
				08FAD21829EDCA4000D092EE /* LICENSE.md */,
				08FAD21B29EDCC6400D092EE /* GoogleService-Info.plist */,
			);
			path = Messaging;
			sourceTree = "<group>";
		};
		082B87A829E5FAA600304F36 /* Preview Content */ = {
			isa = PBXGroup;
			children = (
				082B87A929E5FAA600304F36 /* Preview Assets.xcassets */,
			);
			path = "Preview Content";
			sourceTree = "<group>";
		};
		082B87B829E5FAF600304F36 /* Models */ = {
			isa = PBXGroup;
			children = (
				082B87B929E5FB0200304F36 /* ConversationModel.swift */,
				082B87BB29E5FB1600304F36 /* MessageModel.swift */,
			);
			path = Models;
			sourceTree = "<group>";
		};
		08FAD21A29EDCAD000D092EE /* Views */ = {
			isa = PBXGroup;
			children = (
				082B87B029E5FAB800304F36 /* ConversationsListView.swift */,
				082B87B229E5FAC000304F36 /* ChatView.swift */,
				082B87B429E5FAC900304F36 /* MessageInputView.swift */,
				08FAD21029EDC50500D092EE /* MessageView.swift */,
			);
			path = Views;
			sourceTree = "<group>";
		};
/* End PBXGroup section */

/* Begin PBXNativeTarget section */
		082B879E29E5FAA500304F36 /* Messaging */ = {
			isa = PBXNativeTarget;
			buildConfigurationList = 082B87AD29E5FAA600304F36 /* Build configuration list for PBXNativeTarget "Messaging" */;
			buildPhases = (
				08FAD22729EDCEE700D092EE /* ShellScript */,
				082B879B29E5FAA500304F36 /* Sources */,
				082B879C29E5FAA500304F36 /* Frameworks */,
				082B879D29E5FAA500304F36 /* Resources */,
			);
			buildRules = (
			);
			dependencies = (
			);
			name = Messaging;
			packageProductDependencies = (
				08FAD21E29EDCCDB00D092EE /* FirebaseAnalytics */,
				08FAD22029EDCCDB00D092EE /* FirebaseDatabase */,
				08FAD22229EDCCDB00D092EE /* FirebaseFirestore */,
			);
			productName = Messaging;
			productReference = 082B879F29E5FAA500304F36 /* Messaging.app */;
			productType = "com.apple.product-type.application";
		};
/* End PBXNativeTarget section */

/* Begin PBXProject section */
		082B879729E5FAA500304F36 /* Project object */ = {
			isa = PBXProject;
			attributes = {
				BuildIndependentTargetsInParallel = 1;
				LastSwiftUpdateCheck = 1430;
				LastUpgradeCheck = 1430;
				TargetAttributes = {
					082B879E29E5FAA500304F36 = {
						CreatedOnToolsVersion = 14.3;
					};
				};
			};
			buildConfigurationList = 082B879A29E5FAA500304F36 /* Build configuration list for PBXProject "Messaging" */;
			compatibilityVersion = "Xcode 14.0";
			developmentRegion = en;
			hasScannedForEncodings = 0;
			knownRegions = (
				en,
				Base,
			);
			mainGroup = 082B879629E5FAA500304F36;
			packageReferences = (
				08FAD21D29EDCCDB00D092EE /* XCRemoteSwiftPackageReference "firebase-ios-sdk" */,
			);
			productRefGroup = 082B87A029E5FAA500304F36 /* Products */;
			projectDirPath = "";
			projectRoot = "";
			targets = (
				082B879E29E5FAA500304F36 /* Messaging */,
			);
		};
/* End PBXProject section */

/* Begin PBXResourcesBuildPhase section */
		082B879D29E5FAA500304F36 /* Resources */ = {
			isa = PBXResourcesBuildPhase;
			buildActionMask = 2147483647;
			files = (
				08FAD21929EDCA4000D092EE /* LICENSE.md in Resources */,
				08FAD21529EDC98300D092EE /* .gitignore in Resources */,
				08FAD21C29EDCC6400D092EE /* GoogleService-Info.plist in Resources */,
				08FAD21329EDC91E00D092EE /* README.md in Resources */,
				082B87AA29E5FAA600304F36 /* Preview Assets.xcassets in Resources */,
				082B87A729E5FAA600304F36 /* Assets.xcassets in Resources */,
			);
			runOnlyForDeploymentPostprocessing = 0;
		};
/* End PBXResourcesBuildPhase section */

/* Begin PBXShellScriptBuildPhase section */
		08FAD22729EDCEE700D092EE /* ShellScript */ = {
			isa = PBXShellScriptBuildPhase;
			alwaysOutOfDate = 1;
			buildActionMask = 2147483647;
			files = (
			);
			inputFileListPaths = (
			);
			inputPaths = (
			);
			outputFileListPaths = (
			);
			outputPaths = (
			);
			runOnlyForDeploymentPostprocessing = 0;
			shellPath = /bin/sh;
			shellScript = "if [[ \"$(uname -m)\" == arm64 ]]; then\n    export PATH=\"/opt/homebrew/bin:$PATH\"\nfi\n\nif which swiftlint > /dev/null; then\n  swiftlint --fix\nelse\n  echo \"warning: SwiftLint not installed, download from https://github.com/realm/SwiftLint\"\nfi\n";
		};
/* End PBXShellScriptBuildPhase section */

/* Begin PBXSourcesBuildPhase section */
		082B879B29E5FAA500304F36 /* Sources */ = {
			isa = PBXSourcesBuildPhase;
			buildActionMask = 2147483647;
			files = (
				082B87B329E5FAC000304F36 /* ChatView.swift in Sources */,
				082B87B529E5FAC900304F36 /* MessageInputView.swift in Sources */,
				082B87BC29E5FB1600304F36 /* MessageModel.swift in Sources */,
				08FAD21129EDC50500D092EE /* MessageView.swift in Sources */,
				082B87B129E5FAB800304F36 /* ConversationsListView.swift in Sources */,
				082B87BA29E5FB0200304F36 /* ConversationModel.swift in Sources */,
				082B87A329E5FAA500304F36 /* MessagingApp.swift in Sources */,
			);
			runOnlyForDeploymentPostprocessing = 0;
		};
/* End PBXSourcesBuildPhase section */

/* Begin XCBuildConfiguration section */
		082B87AB29E5FAA600304F36 /* Debug */ = {
			isa = XCBuildConfiguration;
			buildSettings = {
				ALWAYS_SEARCH_USER_PATHS = NO;
				CLANG_ANALYZER_NONNULL = YES;
				CLANG_ANALYZER_NUMBER_OBJECT_CONVERSION = YES_AGGRESSIVE;
				CLANG_CXX_LANGUAGE_STANDARD = "gnu++20";
				CLANG_ENABLE_MODULES = YES;
				CLANG_ENABLE_OBJC_ARC = YES;
				CLANG_ENABLE_OBJC_WEAK = YES;
				CLANG_WARN_BLOCK_CAPTURE_AUTORELEASING = YES;
				CLANG_WARN_BOOL_CONVERSION = YES;
				CLANG_WARN_COMMA = YES;
				CLANG_WARN_CONSTANT_CONVERSION = YES;
				CLANG_WARN_DEPRECATED_OBJC_IMPLEMENTATIONS = YES;
				CLANG_WARN_DIRECT_OBJC_ISA_USAGE = YES_ERROR;
				CLANG_WARN_DOCUMENTATION_COMMENTS = YES;
				CLANG_WARN_EMPTY_BODY = YES;
				CLANG_WARN_ENUM_CONVERSION = YES;
				CLANG_WARN_INFINITE_RECURSION = YES;
				CLANG_WARN_INT_CONVERSION = YES;
				CLANG_WARN_NON_LITERAL_NULL_CONVERSION = YES;
				CLANG_WARN_OBJC_IMPLICIT_RETAIN_SELF = YES;
				CLANG_WARN_OBJC_LITERAL_CONVERSION = YES;
				CLANG_WARN_OBJC_ROOT_CLASS = YES_ERROR;
				CLANG_WARN_QUOTED_INCLUDE_IN_FRAMEWORK_HEADER = YES;
				CLANG_WARN_RANGE_LOOP_ANALYSIS = YES;
				CLANG_WARN_STRICT_PROTOTYPES = YES;
				CLANG_WARN_SUSPICIOUS_MOVE = YES;
				CLANG_WARN_UNGUARDED_AVAILABILITY = YES_AGGRESSIVE;
				CLANG_WARN_UNREACHABLE_CODE = YES;
				CLANG_WARN__DUPLICATE_METHOD_MATCH = YES;
				COPY_PHASE_STRIP = NO;
				DEBUG_INFORMATION_FORMAT = dwarf;
				ENABLE_STRICT_OBJC_MSGSEND = YES;
				ENABLE_TESTABILITY = YES;
				GCC_C_LANGUAGE_STANDARD = gnu11;
				GCC_DYNAMIC_NO_PIC = NO;
				GCC_NO_COMMON_BLOCKS = YES;
				GCC_OPTIMIZATION_LEVEL = 0;
				GCC_PREPROCESSOR_DEFINITIONS = (
					"DEBUG=1",
					"$(inherited)",
				);
				GCC_WARN_64_TO_32_BIT_CONVERSION = YES;
				GCC_WARN_ABOUT_RETURN_TYPE = YES_ERROR;
				GCC_WARN_UNDECLARED_SELECTOR = YES;
				GCC_WARN_UNINITIALIZED_AUTOS = YES_AGGRESSIVE;
				GCC_WARN_UNUSED_FUNCTION = YES;
				GCC_WARN_UNUSED_VARIABLE = YES;
				IPHONEOS_DEPLOYMENT_TARGET = 14.0;
				MTL_ENABLE_DEBUG_INFO = INCLUDE_SOURCE;
				MTL_FAST_MATH = YES;
				ONLY_ACTIVE_ARCH = YES;
				SDKROOT = iphoneos;
				SWIFT_ACTIVE_COMPILATION_CONDITIONS = DEBUG;
				SWIFT_OPTIMIZATION_LEVEL = "-Onone";
			};
			name = Debug;
		};
		082B87AC29E5FAA600304F36 /* Release */ = {
			isa = XCBuildConfiguration;
			buildSettings = {
				ALWAYS_SEARCH_USER_PATHS = NO;
				CLANG_ANALYZER_NONNULL = YES;
				CLANG_ANALYZER_NUMBER_OBJECT_CONVERSION = YES_AGGRESSIVE;
				CLANG_CXX_LANGUAGE_STANDARD = "gnu++20";
				CLANG_ENABLE_MODULES = YES;
				CLANG_ENABLE_OBJC_ARC = YES;
				CLANG_ENABLE_OBJC_WEAK = YES;
				CLANG_WARN_BLOCK_CAPTURE_AUTORELEASING = YES;
				CLANG_WARN_BOOL_CONVERSION = YES;
				CLANG_WARN_COMMA = YES;
				CLANG_WARN_CONSTANT_CONVERSION = YES;
				CLANG_WARN_DEPRECATED_OBJC_IMPLEMENTATIONS = YES;
				CLANG_WARN_DIRECT_OBJC_ISA_USAGE = YES_ERROR;
				CLANG_WARN_DOCUMENTATION_COMMENTS = YES;
				CLANG_WARN_EMPTY_BODY = YES;
				CLANG_WARN_ENUM_CONVERSION = YES;
				CLANG_WARN_INFINITE_RECURSION = YES;
				CLANG_WARN_INT_CONVERSION = YES;
				CLANG_WARN_NON_LITERAL_NULL_CONVERSION = YES;
				CLANG_WARN_OBJC_IMPLICIT_RETAIN_SELF = YES;
				CLANG_WARN_OBJC_LITERAL_CONVERSION = YES;
				CLANG_WARN_OBJC_ROOT_CLASS = YES_ERROR;
				CLANG_WARN_QUOTED_INCLUDE_IN_FRAMEWORK_HEADER = YES;
				CLANG_WARN_RANGE_LOOP_ANALYSIS = YES;
				CLANG_WARN_STRICT_PROTOTYPES = YES;
				CLANG_WARN_SUSPICIOUS_MOVE = YES;
				CLANG_WARN_UNGUARDED_AVAILABILITY = YES_AGGRESSIVE;
				CLANG_WARN_UNREACHABLE_CODE = YES;
				CLANG_WARN__DUPLICATE_METHOD_MATCH = YES;
				COPY_PHASE_STRIP = NO;
				DEBUG_INFORMATION_FORMAT = "dwarf-with-dsym";
				ENABLE_NS_ASSERTIONS = NO;
				ENABLE_STRICT_OBJC_MSGSEND = YES;
				GCC_C_LANGUAGE_STANDARD = gnu11;
				GCC_NO_COMMON_BLOCKS = YES;
				GCC_WARN_64_TO_32_BIT_CONVERSION = YES;
				GCC_WARN_ABOUT_RETURN_TYPE = YES_ERROR;
				GCC_WARN_UNDECLARED_SELECTOR = YES;
				GCC_WARN_UNINITIALIZED_AUTOS = YES_AGGRESSIVE;
				GCC_WARN_UNUSED_FUNCTION = YES;
				GCC_WARN_UNUSED_VARIABLE = YES;
				IPHONEOS_DEPLOYMENT_TARGET = 14.0;
				MTL_ENABLE_DEBUG_INFO = NO;
				MTL_FAST_MATH = YES;
				SDKROOT = iphoneos;
				SWIFT_COMPILATION_MODE = wholemodule;
				SWIFT_OPTIMIZATION_LEVEL = "-O";
				VALIDATE_PRODUCT = YES;
			};
			name = Release;
		};
		082B87AE29E5FAA600304F36 /* Debug */ = {
			isa = XCBuildConfiguration;
			buildSettings = {
				ASSETCATALOG_COMPILER_APPICON_NAME = AppIcon;
				ASSETCATALOG_COMPILER_GLOBAL_ACCENT_COLOR_NAME = AccentColor;
				CODE_SIGN_STYLE = Automatic;
				CURRENT_PROJECT_VERSION = 1;
				DEVELOPMENT_ASSET_PATHS = "\"Messaging/Preview Content\"";
				DEVELOPMENT_TEAM = 9SAQ42S589;
				ENABLE_PREVIEWS = YES;
				GENERATE_INFOPLIST_FILE = YES;
				INFOPLIST_KEY_CFBundleDisplayName = MessageGPT;
				INFOPLIST_KEY_UIApplicationSceneManifest_Generation = YES;
				INFOPLIST_KEY_UIApplicationSupportsIndirectInputEvents = YES;
				INFOPLIST_KEY_UILaunchScreen_Generation = YES;
				INFOPLIST_KEY_UISupportedInterfaceOrientations_iPad = "UIInterfaceOrientationPortrait UIInterfaceOrientationPortraitUpsideDown UIInterfaceOrientationLandscapeLeft UIInterfaceOrientationLandscapeRight";
				INFOPLIST_KEY_UISupportedInterfaceOrientations_iPhone = "UIInterfaceOrientationPortrait UIInterfaceOrientationLandscapeLeft UIInterfaceOrientationLandscapeRight";
				LD_RUNPATH_SEARCH_PATHS = (
					"$(inherited)",
					"@executable_path/Frameworks",
				);
				MARKETING_VERSION = 1.0;
				PRODUCT_BUNDLE_IDENTIFIER = com.vivianphung.MessagingGPT;
				PRODUCT_NAME = "$(TARGET_NAME)";
				SWIFT_EMIT_LOC_STRINGS = YES;
				SWIFT_VERSION = 5.0;
				TARGETED_DEVICE_FAMILY = "1,2";
			};
			name = Debug;
		};
		082B87AF29E5FAA600304F36 /* Release */ = {
			isa = XCBuildConfiguration;
			buildSettings = {
				ASSETCATALOG_COMPILER_APPICON_NAME = AppIcon;
				ASSETCATALOG_COMPILER_GLOBAL_ACCENT_COLOR_NAME = AccentColor;
				CODE_SIGN_STYLE = Automatic;
				CURRENT_PROJECT_VERSION = 1;
				DEVELOPMENT_ASSET_PATHS = "\"Messaging/Preview Content\"";
				DEVELOPMENT_TEAM = 9SAQ42S589;
				ENABLE_PREVIEWS = YES;
				GENERATE_INFOPLIST_FILE = YES;
				INFOPLIST_KEY_CFBundleDisplayName = MessageGPT;
				INFOPLIST_KEY_UIApplicationSceneManifest_Generation = YES;
				INFOPLIST_KEY_UIApplicationSupportsIndirectInputEvents = YES;
				INFOPLIST_KEY_UILaunchScreen_Generation = YES;
				INFOPLIST_KEY_UISupportedInterfaceOrientations_iPad = "UIInterfaceOrientationPortrait UIInterfaceOrientationPortraitUpsideDown UIInterfaceOrientationLandscapeLeft UIInterfaceOrientationLandscapeRight";
				INFOPLIST_KEY_UISupportedInterfaceOrientations_iPhone = "UIInterfaceOrientationPortrait UIInterfaceOrientationLandscapeLeft UIInterfaceOrientationLandscapeRight";
				LD_RUNPATH_SEARCH_PATHS = (
					"$(inherited)",
					"@executable_path/Frameworks",
				);
				MARKETING_VERSION = 1.0;
				PRODUCT_BUNDLE_IDENTIFIER = com.vivianphung.MessagingGPT;
				PRODUCT_NAME = "$(TARGET_NAME)";
				SWIFT_EMIT_LOC_STRINGS = YES;
				SWIFT_VERSION = 5.0;
				TARGETED_DEVICE_FAMILY = "1,2";
			};
			name = Release;
		};
/* End XCBuildConfiguration section */

/* Begin XCConfigurationList section */
		082B879A29E5FAA500304F36 /* Build configuration list for PBXProject "Messaging" */ = {
			isa = XCConfigurationList;
			buildConfigurations = (
				082B87AB29E5FAA600304F36 /* Debug */,
				082B87AC29E5FAA600304F36 /* Release */,
			);
			defaultConfigurationIsVisible = 0;
			defaultConfigurationName = Release;
		};
		082B87AD29E5FAA600304F36 /* Build configuration list for PBXNativeTarget "Messaging" */ = {
			isa = XCConfigurationList;
			buildConfigurations = (
				082B87AE29E5FAA600304F36 /* Debug */,
				082B87AF29E5FAA600304F36 /* Release */,
			);
			defaultConfigurationIsVisible = 0;
			defaultConfigurationName = Release;
		};
/* End XCConfigurationList section */

/* Begin XCRemoteSwiftPackageReference section */
		08FAD21D29EDCCDB00D092EE /* XCRemoteSwiftPackageReference "firebase-ios-sdk" */ = {
			isa = XCRemoteSwiftPackageReference;
			repositoryURL = "https://github.com/firebase/firebase-ios-sdk";
			requirement = {
				kind = upToNextMinorVersion;
				minimumVersion = 10.8.0;
			};
		};
/* End XCRemoteSwiftPackageReference section */

/* Begin XCSwiftPackageProductDependency section */
		08FAD21E29EDCCDB00D092EE /* FirebaseAnalytics */ = {
			isa = XCSwiftPackageProductDependency;
			package = 08FAD21D29EDCCDB00D092EE /* XCRemoteSwiftPackageReference "firebase-ios-sdk" */;
			productName = FirebaseAnalytics;
		};
		08FAD22029EDCCDB00D092EE /* FirebaseDatabase */ = {
			isa = XCSwiftPackageProductDependency;
			package = 08FAD21D29EDCCDB00D092EE /* XCRemoteSwiftPackageReference "firebase-ios-sdk" */;
			productName = FirebaseDatabase;
		};
		08FAD22229EDCCDB00D092EE /* FirebaseFirestore */ = {
			isa = XCSwiftPackageProductDependency;
			package = 08FAD21D29EDCCDB00D092EE /* XCRemoteSwiftPackageReference "firebase-ios-sdk" */;
			productName = FirebaseFirestore;
		};
/* End XCSwiftPackageProductDependency section */
	};
	rootObject = 082B879729E5FAA500304F36 /* Project object */;
}
